
Microsoft Visual Studio Solution File, Format Version 12.00
# Visual Studio Version 17
VisualStudioVersion = 17.4.33213.308
MinimumVisualStudioVersion = 10.0.40219.1
Project("{FAE04EC0-301F-11D3-BF4B-00C04F79EFBC}") = "GarageExams", "GarageExams\GarageExams.csproj", "{0EAE1588-9316-4CFE-8766-9862E12D2FBC}"
EndProject
Global
	GlobalSection(SolutionConfigurationPlatforms) = preSolution
		Debug|Any CPU = Debug|Any CPU
		Release|Any CPU = Release|Any CPU
	EndGlobalSection
	GlobalSection(ProjectConfigurationPlatforms) = postSolution
		{0EAE1588-9316-4CFE-8766-9862E12D2FBC}.Debug|Any CPU.ActiveCfg = Debug|Any CPU
		{0EAE1588-9316-4CFE-8766-9862E12D2FBC}.Debug|Any CPU.Build.0 = Debug|Any CPU
		{0EAE1588-9316-4CFE-8766-9862E12D2FBC}.Release|Any CPU.ActiveCfg = Release|Any CPU
		{0EAE1588-9316-4CFE-8766-9862E12D2FBC}.Release|Any CPU.Build.0 = Release|Any CPU
	EndGlobalSection
	GlobalSection(SolutionProperties) = preSolution
		HideSolutionNode = FALSE
	EndGlobalSection
	GlobalSection(ExtensibilityGlobals) = postSolution
		SolutionGuid = {B3359A61-2EA2-4242-B950-7F7E45F416E3}
	EndGlobalSection
EndGlobal
